
Microsoft Visual Studio Solution File, Format Version 12.00
# Visual Studio Version 17
VisualStudioVersion = 17.7.34031.279
MinimumVisualStudioVersion = 10.0.40219.1
Project("{FAE04EC0-301F-11D3-BF4B-00C04F79EFBC}") = "DsmSoftExercises", "DsmSoftExercises\DsmSoftExercises.csproj", "{681F6754-3C81-4072-B9AD-F11C16CCE57F}"
EndProject
Global
	GlobalSection(SolutionConfigurationPlatforms) = preSolution
		Debug|Any CPU = Debug|Any CPU
		Release|Any CPU = Release|Any CPU
	EndGlobalSection
	GlobalSection(ProjectConfigurationPlatforms) = postSolution
		{681F6754-3C81-4072-B9AD-F11C16CCE57F}.Debug|Any CPU.ActiveCfg = Debug|Any CPU
		{681F6754-3C81-4072-B9AD-F11C16CCE57F}.Debug|Any CPU.Build.0 = Debug|Any CPU
		{681F6754-3C81-4072-B9AD-F11C16CCE57F}.Release|Any CPU.ActiveCfg = Release|Any CPU
		{681F6754-3C81-4072-B9AD-F11C16CCE57F}.Release|Any CPU.Build.0 = Release|Any CPU
	EndGlobalSection
	GlobalSection(SolutionProperties) = preSolution
		HideSolutionNode = FALSE
	EndGlobalSection
	GlobalSection(ExtensibilityGlobals) = postSolution
		SolutionGuid = {73C14EB6-64ED-4E96-BC3A-B41BF8A21739}
	EndGlobalSection
EndGlobal
